github.com/joho/godotenv v1.5.1 h1:7eLL/+HRGLY0ldzfGMeQkb7vMd0as4CfYvUVzLqw0N0=
github.com/joho/godotenv v1.5.1/go.mod h1:f4LDr5Voq0i2e/R5DDNOoa2zzDfwtkZa6DnEwAbqwq4=
github.com/steebchen/prisma-client-go v0.41.0 h1:j5ORS7kweZLkvJByy8xBkSSltjQVCkES3VuuWPgfPNk=
github.com/steebchen/prisma-client-go v0.41.0/go.mod h1:wp2xU9HO5WIefc65vcl1HOiFUzaHKyOhHw5atrzs8hc=
